
Microsoft Visual Studio Solution File, Format Version 12.00
# Visual Studio Version 17
VisualStudioVersion = 17.1.32421.90
MinimumVisualStudioVersion = 10.0.40219.1
Project("{FAE04EC0-301F-11D3-BF4B-00C04F79EFBC}") = "PeliculasAPI", "PeliculasAPI\PeliculasAPI.csproj", "{CF32FA52-7674-4F27-A949-A75738033407}"
EndProject
Global
	GlobalSection(SolutionConfigurationPlatforms) = preSolution
		Debug|Any CPU = Debug|Any CPU
		Release|Any CPU = Release|Any CPU
	EndGlobalSection
	GlobalSection(ProjectConfigurationPlatforms) = postSolution
		{CF32FA52-7674-4F27-A949-A75738033407}.Debug|Any CPU.ActiveCfg = Debug|Any CPU
		{CF32FA52-7674-4F27-A949-A75738033407}.Debug|Any CPU.Build.0 = Debug|Any CPU
		{CF32FA52-7674-4F27-A949-A75738033407}.Release|Any CPU.ActiveCfg = Release|Any CPU
		{CF32FA52-7674-4F27-A949-A75738033407}.Release|Any CPU.Build.0 = Release|Any CPU
	EndGlobalSection
	GlobalSection(SolutionProperties) = preSolution
		HideSolutionNode = FALSE
	EndGlobalSection
	GlobalSection(ExtensibilityGlobals) = postSolution
		SolutionGuid = {0D3C025F-0CC1-4248-ADE6-30A00275FCCD}
	EndGlobalSection
EndGlobal
